
Microsoft Visual Studio Solution File, Format Version 12.00
# Visual Studio 2017
Project("{FAE04EC0-301F-11D3-BF4B-00C04F79EFBC}") = "FilesOperation", "FilesOperation.csproj", "{980A03BA-9C83-9691-9DBC-2C1CF5F8B92B}"
EndProject
Global
	GlobalSection(SolutionConfigurationPlatforms) = preSolution
		Debug|Any CPU = Debug|Any CPU
		Release|Any CPU = Release|Any CPU
	EndGlobalSection
	GlobalSection(ProjectConfigurationPlatforms) = postSolution
		{980A03BA-9C83-9691-9DBC-2C1CF5F8B92B}.Debug|Any CPU.ActiveCfg = Debug|Any CPU
		{980A03BA-9C83-9691-9DBC-2C1CF5F8B92B}.Debug|Any CPU.Build.0 = Debug|Any CPU
		{980A03BA-9C83-9691-9DBC-2C1CF5F8B92B}.Release|Any CPU.ActiveCfg = Release|Any CPU
		{980A03BA-9C83-9691-9DBC-2C1CF5F8B92B}.Release|Any CPU.Build.0 = Release|Any CPU
	EndGlobalSection
	GlobalSection(SolutionProperties) = preSolution
		HideSolutionNode = FALSE
	EndGlobalSection
EndGlobal
